
Microsoft Visual Studio Solution File, Format Version 12.00
# Visual Studio 15
VisualStudioVersion = 15.0.28307.489
MinimumVisualStudioVersion = 10.0.40219.1
Project("{FAE04EC0-301F-11D3-BF4B-00C04F79EFBC}") = "FtpClientCs", "FtpClientCs\FtpClientCs.csproj", "{ED5DD623-0FBA-4B8A-A473-0B3860179380}"
EndProject
Global
	GlobalSection(SolutionConfigurationPlatforms) = preSolution
		Debug|Any CPU = Debug|Any CPU
		Release|Any CPU = Release|Any CPU
	EndGlobalSection
	GlobalSection(ProjectConfigurationPlatforms) = postSolution
		{ED5DD623-0FBA-4B8A-A473-0B3860179380}.Debug|Any CPU.ActiveCfg = Debug|Any CPU
		{ED5DD623-0FBA-4B8A-A473-0B3860179380}.Debug|Any CPU.Build.0 = Debug|Any CPU
		{ED5DD623-0FBA-4B8A-A473-0B3860179380}.Release|Any CPU.ActiveCfg = Release|Any CPU
		{ED5DD623-0FBA-4B8A-A473-0B3860179380}.Release|Any CPU.Build.0 = Release|Any CPU
	EndGlobalSection
	GlobalSection(SolutionProperties) = preSolution
		HideSolutionNode = FALSE
	EndGlobalSection
	GlobalSection(ExtensibilityGlobals) = postSolution
		SolutionGuid = {3AA0C33A-35C9-4D51-82F7-DBC61AD53FF2}
	EndGlobalSection
EndGlobal
